// !$*UTF8*$!
{
	archiveVersion = 1;
	classes = {
	};
	objectVersion = 50;
	objects = {

/* Begin PBXBuildFile section */
		CEA71D04247446E800B468AB /* AppDelegate.swift in Sources */ = {isa = PBXBuildFile; fileRef = CEA71D03247446E800B468AB /* AppDelegate.swift */; };
		CEA71D06247446E800B468AB /* SceneDelegate.swift in Sources */ = {isa = PBXBuildFile; fileRef = CEA71D05247446E800B468AB /* SceneDelegate.swift */; };
		CEA71D08247446E800B468AB /* ViewController.swift in Sources */ = {isa = PBXBuildFile; fileRef = CEA71D07247446E800B468AB /* ViewController.swift */; };
		CEA71D0B247446E800B468AB /* Main.storyboard in Resources */ = {isa = PBXBuildFile; fileRef = CEA71D09247446E800B468AB /* Main.storyboard */; };
		CEA71D0D247446EC00B468AB /* Assets.xcassets in Resources */ = {isa = PBXBuildFile; fileRef = CEA71D0C247446EC00B468AB /* Assets.xcassets */; };
		CEA71D10247446EC00B468AB /* LaunchScreen.storyboard in Resources */ = {isa = PBXBuildFile; fileRef = CEA71D0E247446EC00B468AB /* LaunchScreen.storyboard */; };
/* End PBXBuildFile section */

/* Begin PBXFileReference section */
		CEA71D00247446E800B468AB /* MacPaw Internship Project.app */ = {isa = PBXFileReference; explicitFileType = wrapper.application; includeInIndex = 0; path = "MacPaw Internship Project.app"; sourceTree = BUILT_PRODUCTS_DIR; };
		CEA71D03247446E800B468AB /* AppDelegate.swift */ = {isa = PBXFileReference; lastKnownFileType = sourcecode.swift; path = AppDelegate.swift; sourceTree = "<group>"; };
		CEA71D05247446E800B468AB /* SceneDelegate.swift */ = {isa = PBXFileReference; lastKnownFileType = sourcecode.swift; path = SceneDelegate.swift; sourceTree = "<group>"; };
		CEA71D07247446E800B468AB /* ViewController.swift */ = {isa = PBXFileReference; lastKnownFileType = sourcecode.swift; path = ViewController.swift; sourceTree = "<group>"; };
		CEA71D0A247446E800B468AB /* Base */ = {isa = PBXFileReference; lastKnownFileType = file.storyboard; name = Base; path = Base.lproj/Main.storyboard; sourceTree = "<group>"; };
		CEA71D0C247446EC00B468AB /* Assets.xcassets */ = {isa = PBXFileReference; lastKnownFileType = folder.assetcatalog; path = Assets.xcassets; sourceTree = "<group>"; };
		CEA71D0F247446EC00B468AB /* Base */ = {isa = PBXFileReference; lastKnownFileType = file.storyboard; name = Base; path = Base.lproj/LaunchScreen.storyboard; sourceTree = "<group>"; };
		CEA71D11247446EC00B468AB /* Info.plist */ = {isa = PBXFileReference; lastKnownFileType = text.plist.xml; path = Info.plist; sourceTree = "<group>"; };
/* End PBXFileReference section */

/* Begin PBXFrameworksBuildPhase section */
		CEA71CFD247446E800B468AB /* Frameworks */ = {
			isa = PBXFrameworksBuildPhase;
			buildActionMask = 2147483647;
			files = (
			);
			runOnlyForDeploymentPostprocessing = 0;
		};
/* End PBXFrameworksBuildPhase section */

/* Begin PBXGroup section */
		CEA71CF7247446E700B468AB = {
			isa = PBXGroup;
			children = (
				CEA71D02247446E800B468AB /* MacPaw Internship Project */,
				CEA71D01247446E800B468AB /* Products */,
			);
			sourceTree = "<group>";
		};
		CEA71D01247446E800B468AB /* Products */ = {
			isa = PBXGroup;
			children = (
				CEA71D00247446E800B468AB /* MacPaw Internship Project.app */,
			);
			name = Products;
			sourceTree = "<group>";
		};
		CEA71D02247446E800B468AB /* MacPaw Internship Project */ = {
			isa = PBXGroup;
			children = (
				CEA71D03247446E800B468AB /* AppDelegate.swift */,
				CEA71D05247446E800B468AB /* SceneDelegate.swift */,
				CEA71D07247446E800B468AB /* ViewController.swift */,
				CEA71D09247446E800B468AB /* Main.storyboard */,
				CEA71D0C247446EC00B468AB /* Assets.xcassets */,
				CEA71D0E247446EC00B468AB /* LaunchScreen.storyboard */,
				CEA71D11247446EC00B468AB /* Info.plist */,
			);
			path = "MacPaw Internship Project";
			sourceTree = "<group>";
		};
/* End PBXGroup section */

/* Begin PBXNativeTarget section */
		CEA71CFF247446E800B468AB /* MacPaw Internship Project */ = {
			isa = PBXNativeTarget;
			buildConfigurationList = CEA71D14247446EC00B468AB /* Build configuration list for PBXNativeTarget "MacPaw Internship Project" */;
			buildPhases = (
				CEA71CFC247446E800B468AB /* Sources */,
				CEA71CFD247446E800B468AB /* Frameworks */,
				CEA71CFE247446E800B468AB /* Resources */,
			);
			buildRules = (
			);
			dependencies = (
			);
			name = "MacPaw Internship Project";
			productName = "MacPaw Internship Project";
			productReference = CEA71D00247446E800B468AB /* MacPaw Internship Project.app */;
			productType = "com.apple.product-type.application";
		};
/* End PBXNativeTarget section */

/* Begin PBXProject section */
		CEA71CF8247446E700B468AB /* Project object */ = {
			isa = PBXProject;
			attributes = {
				LastSwiftUpdateCheck = 1140;
				LastUpgradeCheck = 1140;
				ORGANIZATIONNAME = TarasenkoSerhii;
				TargetAttributes = {
					CEA71CFF247446E800B468AB = {
						CreatedOnToolsVersion = 11.4;
					};
				};
			};
			buildConfigurationList = CEA71CFB247446E700B468AB /* Build configuration list for PBXProject "MacPaw Internship Project" */;
			compatibilityVersion = "Xcode 9.3";
			developmentRegion = en;
			hasScannedForEncodings = 0;
			knownRegions = (
				en,
				Base,
			);
			mainGroup = CEA71CF7247446E700B468AB;
			productRefGroup = CEA71D01247446E800B468AB /* Products */;
			projectDirPath = "";
			projectRoot = "";
			targets = (
				CEA71CFF247446E800B468AB /* MacPaw Internship Project */,
			);
		};
/* End PBXProject section */

/* Begin PBXResourcesBuildPhase section */
		CEA71CFE247446E800B468AB /* Resources */ = {
			isa = PBXResourcesBuildPhase;
			buildActionMask = 2147483647;
			files = (
				CEA71D10247446EC00B468AB /* LaunchScreen.storyboard in Resources */,
				CEA71D0D247446EC00B468AB /* Assets.xcassets in Resources */,
				CEA71D0B247446E800B468AB /* Main.storyboard in Resources */,
			);
			runOnlyForDeploymentPostprocessing = 0;
		};
/* End PBXResourcesBuildPhase section */

/* Begin PBXSourcesBuildPhase section */
		CEA71CFC247446E800B468AB /* Sources */ = {
			isa = PBXSourcesBuildPhase;
			buildActionMask = 2147483647;
			files = (
				CEA71D08247446E800B468AB /* ViewController.swift in Sources */,
				CEA71D04247446E800B468AB /* AppDelegate.swift in Sources */,
				CEA71D06247446E800B468AB /* SceneDelegate.swift in Sources */,
			);
			runOnlyForDeploymentPostprocessing = 0;
		};
/* End PBXSourcesBuildPhase section */

/* Begin PBXVariantGroup section */
		CEA71D09247446E800B468AB /* Main.storyboard */ = {
			isa = PBXVariantGroup;
			children = (
				CEA71D0A247446E800B468AB /* Base */,
			);
			name = Main.storyboard;
			sourceTree = "<group>";
		};
		CEA71D0E247446EC00B468AB /* LaunchScreen.storyboard */ = {
			isa = PBXVariantGroup;
			children = (
				CEA71D0F247446EC00B468AB /* Base */,
			);
			name = LaunchScreen.storyboard;
			sourceTree = "<group>";
		};
/* End PBXVariantGroup section */

/* Begin XCBuildConfiguration section */
		CEA71D12247446EC00B468AB /* Debug */ = {
			isa = XCBuildConfiguration;
			buildSettings = {
				ALWAYS_SEARCH_USER_PATHS = NO;
				CLANG_ANALYZER_NONNULL = YES;
				CLANG_ANALYZER_NUMBER_OBJECT_CONVERSION = YES_AGGRESSIVE;
				CLANG_CXX_LANGUAGE_STANDARD = "gnu++14";
				CLANG_CXX_LIBRARY = "libc++";
				CLANG_ENABLE_MODULES = YES;
				CLANG_ENABLE_OBJC_ARC = YES;
				CLANG_ENABLE_OBJC_WEAK = YES;
				CLANG_WARN_BLOCK_CAPTURE_AUTORELEASING = YES;
				CLANG_WARN_BOOL_CONVERSION = YES;
				CLANG_WARN_COMMA = YES;
				CLANG_WARN_CONSTANT_CONVERSION = YES;
				CLANG_WARN_DEPRECATED_OBJC_IMPLEMENTATIONS = YES;
				CLANG_WARN_DIRECT_OBJC_ISA_USAGE = YES_ERROR;
				CLANG_WARN_DOCUMENTATION_COMMENTS = YES;
				CLANG_WARN_EMPTY_BODY = YES;
				CLANG_WARN_ENUM_CONVERSION = YES;
				CLANG_WARN_INFINITE_RECURSION = YES;
				CLANG_WARN_INT_CONVERSION = YES;
				CLANG_WARN_NON_LITERAL_NULL_CONVERSION = YES;
				CLANG_WARN_OBJC_IMPLICIT_RETAIN_SELF = YES;
				CLANG_WARN_OBJC_LITERAL_CONVERSION = YES;
				CLANG_WARN_OBJC_ROOT_CLASS = YES_ERROR;
				CLANG_WARN_RANGE_LOOP_ANALYSIS = YES;
				CLANG_WARN_STRICT_PROTOTYPES = YES;
				CLANG_WARN_SUSPICIOUS_MOVE = YES;
				CLANG_WARN_UNGUARDED_AVAILABILITY = YES_AGGRESSIVE;
				CLANG_WARN_UNREACHABLE_CODE = YES;
				CLANG_WARN__DUPLICATE_METHOD_MATCH = YES;
				COPY_PHASE_STRIP = NO;
				DEBUG_INFORMATION_FORMAT = dwarf;
				ENABLE_STRICT_OBJC_MSGSEND = YES;
				ENABLE_TESTABILITY = YES;
				GCC_C_LANGUAGE_STANDARD = gnu11;
				GCC_DYNAMIC_NO_PIC = NO;
				GCC_NO_COMMON_BLOCKS = YES;
				GCC_OPTIMIZATION_LEVEL = 0;
				GCC_PREPROCESSOR_DEFINITIONS = (
					"DEBUG=1",
					"$(inherited)",
				);
				GCC_WARN_64_TO_32_BIT_CONVERSION = YES;
				GCC_WARN_ABOUT_RETURN_TYPE = YES_ERROR;
				GCC_WARN_UNDECLARED_SELECTOR = YES;
				GCC_WARN_UNINITIALIZED_AUTOS = YES_AGGRESSIVE;
				GCC_WARN_UNUSED_FUNCTION = YES;
				GCC_WARN_UNUSED_VARIABLE = YES;
				IPHONEOS_DEPLOYMENT_TARGET = 13.4;
				MTL_ENABLE_DEBUG_INFO = INCLUDE_SOURCE;
				MTL_FAST_MATH = YES;
				ONLY_ACTIVE_ARCH = YES;
				SDKROOT = iphoneos;
				SWIFT_ACTIVE_COMPILATION_CONDITIONS = DEBUG;
				SWIFT_OPTIMIZATION_LEVEL = "-Onone";
			};
			name = Debug;
		};
		CEA71D13247446EC00B468AB /* Release */ = {
			isa = XCBuildConfiguration;
			buildSettings = {
				ALWAYS_SEARCH_USER_PATHS = NO;
				CLANG_ANALYZER_NONNULL = YES;
				CLANG_ANALYZER_NUMBER_OBJECT_CONVERSION = YES_AGGRESSIVE;
				CLANG_CXX_LANGUAGE_STANDARD = "gnu++14";
				CLANG_CXX_LIBRARY = "libc++";
				CLANG_ENABLE_MODULES = YES;
				CLANG_ENABLE_OBJC_ARC = YES;
				CLANG_ENABLE_OBJC_WEAK = YES;
				CLANG_WARN_BLOCK_CAPTURE_AUTORELEASING = YES;
				CLANG_WARN_BOOL_CONVERSION = YES;
				CLANG_WARN_COMMA = YES;
				CLANG_WARN_CONSTANT_CONVERSION = YES;
				CLANG_WARN_DEPRECATED_OBJC_IMPLEMENTATIONS = YES;
				CLANG_WARN_DIRECT_OBJC_ISA_USAGE = YES_ERROR;
				CLANG_WARN_DOCUMENTATION_COMMENTS = YES;
				CLANG_WARN_EMPTY_BODY = YES;
				CLANG_WARN_ENUM_CONVERSION = YES;
				CLANG_WARN_INFINITE_RECURSION = YES;
				CLANG_WARN_INT_CONVERSION = YES;
				CLANG_WARN_NON_LITERAL_NULL_CONVERSION = YES;
				CLANG_WARN_OBJC_IMPLICIT_RETAIN_SELF = YES;
				CLANG_WARN_OBJC_LITERAL_CONVERSION = YES;
				CLANG_WARN_OBJC_ROOT_CLASS = YES_ERROR;
				CLANG_WARN_RANGE_LOOP_ANALYSIS = YES;
				CLANG_WARN_STRICT_PROTOTYPES = YES;
				CLANG_WARN_SUSPICIOUS_MOVE = YES;
				CLANG_WARN_UNGUARDED_AVAILABILITY = YES_AGGRESSIVE;
				CLANG_WARN_UNREACHABLE_CODE = YES;
				CLANG_WARN__DUPLICATE_METHOD_MATCH = YES;
				COPY_PHASE_STRIP = NO;
				DEBUG_INFORMATION_FORMAT = "dwarf-with-dsym";
				ENABLE_NS_ASSERTIONS = NO;
				ENABLE_STRICT_OBJC_MSGSEND = YES;
				GCC_C_LANGUAGE_STANDARD = gnu11;
				GCC_NO_COMMON_BLOCKS = YES;
				GCC_WARN_64_TO_32_BIT_CONVERSION = YES;
				GCC_WARN_ABOUT_RETURN_TYPE = YES_ERROR;
				GCC_WARN_UNDECLARED_SELECTOR = YES;
				GCC_WARN_UNINITIALIZED_AUTOS = YES_AGGRESSIVE;
				GCC_WARN_UNUSED_FUNCTION = YES;
				GCC_WARN_UNUSED_VARIABLE = YES;
				IPHONEOS_DEPLOYMENT_TARGET = 13.4;
				MTL_ENABLE_DEBUG_INFO = NO;
				MTL_FAST_MATH = YES;
				SDKROOT = iphoneos;
				SWIFT_COMPILATION_MODE = wholemodule;
				SWIFT_OPTIMIZATION_LEVEL = "-O";
				VALIDATE_PRODUCT = YES;
			};
			name = Release;
		};
		CEA71D15247446EC00B468AB /* Debug */ = {
			isa = XCBuildConfiguration;
			buildSettings = {
				ASSETCATALOG_COMPILER_APPICON_NAME = AppIcon;
				CODE_SIGN_STYLE = Automatic;
				DEVELOPMENT_TEAM = 9K7WCDXH6U;
				INFOPLIST_FILE = "MacPaw Internship Project/Info.plist";
				LD_RUNPATH_SEARCH_PATHS = (
					"$(inherited)",
					"@executable_path/Frameworks",
				);
				PRODUCT_BUNDLE_IDENTIFIER = "TarasenkoSerhii.MacPaw-Internship-Project";
				PRODUCT_NAME = "$(TARGET_NAME)";
				SWIFT_VERSION = 5.0;
				TARGETED_DEVICE_FAMILY = "1,2";
			};
			name = Debug;
		};
		CEA71D16247446EC00B468AB /* Release */ = {
			isa = XCBuildConfiguration;
			buildSettings = {
				ASSETCATALOG_COMPILER_APPICON_NAME = AppIcon;
				CODE_SIGN_STYLE = Automatic;
				DEVELOPMENT_TEAM = 9K7WCDXH6U;
				INFOPLIST_FILE = "MacPaw Internship Project/Info.plist";
				LD_RUNPATH_SEARCH_PATHS = (
					"$(inherited)",
					"@executable_path/Frameworks",
				);
				PRODUCT_BUNDLE_IDENTIFIER = "TarasenkoSerhii.MacPaw-Internship-Project";
				PRODUCT_NAME = "$(TARGET_NAME)";
				SWIFT_VERSION = 5.0;
				TARGETED_DEVICE_FAMILY = "1,2";
			};
			name = Release;
		};
/* End XCBuildConfiguration section */

/* Begin XCConfigurationList section */
		CEA71CFB247446E700B468AB /* Build configuration list for PBXProject "MacPaw Internship Project" */ = {
			isa = XCConfigurationList;
			buildConfigurations = (
				CEA71D12247446EC00B468AB /* Debug */,
				CEA71D13247446EC00B468AB /* Release */,
			);
			defaultConfigurationIsVisible = 0;
			defaultConfigurationName = Release;
		};
		CEA71D14247446EC00B468AB /* Build configuration list for PBXNativeTarget "MacPaw Internship Project" */ = {
			isa = XCConfigurationList;
			buildConfigurations = (
				CEA71D15247446EC00B468AB /* Debug */,
				CEA71D16247446EC00B468AB /* Release */,
			);
			defaultConfigurationIsVisible = 0;
			defaultConfigurationName = Release;
		};
/* End XCConfigurationList section */
	};
	rootObject = CEA71CF8247446E700B468AB /* Project object */;
}
